
Microsoft Visual Studio Solution File, Format Version 12.00
# Visual Studio Version 17
VisualStudioVersion = 17.2.32210.308
MinimumVisualStudioVersion = 10.0.40219.1
Project("{FAE04EC0-301F-11D3-BF4B-00C04F79EFBC}") = "Day2", "Day2\Day2.csproj", "{B30DD138-5628-49D5-AE27-6F07B105D228}"
EndProject
Global
	GlobalSection(SolutionConfigurationPlatforms) = preSolution
		Debug|Any CPU = Debug|Any CPU
		Release|Any CPU = Release|Any CPU
	EndGlobalSection
	GlobalSection(ProjectConfigurationPlatforms) = postSolution
		{B30DD138-5628-49D5-AE27-6F07B105D228}.Debug|Any CPU.ActiveCfg = Debug|Any CPU
		{B30DD138-5628-49D5-AE27-6F07B105D228}.Debug|Any CPU.Build.0 = Debug|Any CPU
		{B30DD138-5628-49D5-AE27-6F07B105D228}.Release|Any CPU.ActiveCfg = Release|Any CPU
		{B30DD138-5628-49D5-AE27-6F07B105D228}.Release|Any CPU.Build.0 = Release|Any CPU
	EndGlobalSection
	GlobalSection(SolutionProperties) = preSolution
		HideSolutionNode = FALSE
	EndGlobalSection
	GlobalSection(ExtensibilityGlobals) = postSolution
		SolutionGuid = {E07D40CC-14F8-44EB-A14F-EB11F707F269}
	EndGlobalSection
EndGlobal
